
Microsoft Visual Studio Solution File, Format Version 12.00
# Visual Studio Version 17
VisualStudioVersion = 17.1.32210.238
MinimumVisualStudioVersion = 10.0.40219.1
Project("{FAE04EC0-301F-11D3-BF4B-00C04F79EFBC}") = "Desafio02", "Desafio02\Desafio02.csproj", "{4334296F-C481-415B-A338-BAF4F58A0DBD}"
EndProject
Global
	GlobalSection(SolutionConfigurationPlatforms) = preSolution
		Debug|Any CPU = Debug|Any CPU
		Release|Any CPU = Release|Any CPU
	EndGlobalSection
	GlobalSection(ProjectConfigurationPlatforms) = postSolution
		{4334296F-C481-415B-A338-BAF4F58A0DBD}.Debug|Any CPU.ActiveCfg = Debug|Any CPU
		{4334296F-C481-415B-A338-BAF4F58A0DBD}.Debug|Any CPU.Build.0 = Debug|Any CPU
		{4334296F-C481-415B-A338-BAF4F58A0DBD}.Release|Any CPU.ActiveCfg = Release|Any CPU
		{4334296F-C481-415B-A338-BAF4F58A0DBD}.Release|Any CPU.Build.0 = Release|Any CPU
	EndGlobalSection
	GlobalSection(SolutionProperties) = preSolution
		HideSolutionNode = FALSE
	EndGlobalSection
	GlobalSection(ExtensibilityGlobals) = postSolution
		SolutionGuid = {8DC87BB9-B806-404C-AA09-4559E13336FB}
	EndGlobalSection
EndGlobal
